
Microsoft Visual Studio Solution File, Format Version 12.00
# Visual Studio 2012
Project("{2150E333-8FDC-42A3-9474-1A3956D46DE8}") = "01 Operator Overloading", "01 Operator Overloading", "{8031EBFD-474C-4114-954E-AD6192B0EB2D}"
EndProject
Project("{FAE04EC0-301F-11D3-BF4B-00C04F79EFBC}") = "OperatorOverloading.DBL", "01 Operator Overloading\OperatorOverloading.DBL\OperatorOverloading.DBL.csproj", "{804E6E80-BE47-4637-8918-3A0EDC292961}"
EndProject
Project("{FAE04EC0-301F-11D3-BF4B-00C04F79EFBC}") = "OperatorOverloading.Model", "01 Operator Overloading\OperatorOverloading.Model\OperatorOverloading.Model.csproj", "{5FBBD6AF-DA18-4FB8-917B-930E4B9DA33A}"
EndProject
Project("{FAE04EC0-301F-11D3-BF4B-00C04F79EFBC}") = "OperatorOverloading.Host", "01 Operator Overloading\OperatorOverloading.Host\OperatorOverloading.Host.csproj", "{977E178B-A06C-45BE-A03D-13A81EEB37A6}"
EndProject
Project("{2150E333-8FDC-42A3-9474-1A3956D46DE8}") = "02 Web Server", "02 Web Server", "{C8B5DBF0-78BE-49BE-873B-A0237702357B}"
EndProject
Project("{FAE04EC0-301F-11D3-BF4B-00C04F79EFBC}") = "WebServer", "02WebServer\WebServer.csproj", "{F199D7AF-C2E0-4560-A3D7-EDAA183F03EC}"
EndProject
Global
	GlobalSection(SolutionConfigurationPlatforms) = preSolution
		Debug|Any CPU = Debug|Any CPU
		Release|Any CPU = Release|Any CPU
	EndGlobalSection
	GlobalSection(ProjectConfigurationPlatforms) = postSolution
		{804E6E80-BE47-4637-8918-3A0EDC292961}.Debug|Any CPU.ActiveCfg = Debug|Any CPU
		{804E6E80-BE47-4637-8918-3A0EDC292961}.Debug|Any CPU.Build.0 = Debug|Any CPU
		{804E6E80-BE47-4637-8918-3A0EDC292961}.Release|Any CPU.ActiveCfg = Release|Any CPU
		{804E6E80-BE47-4637-8918-3A0EDC292961}.Release|Any CPU.Build.0 = Release|Any CPU
		{5FBBD6AF-DA18-4FB8-917B-930E4B9DA33A}.Debug|Any CPU.ActiveCfg = Debug|Any CPU
		{5FBBD6AF-DA18-4FB8-917B-930E4B9DA33A}.Debug|Any CPU.Build.0 = Debug|Any CPU
		{5FBBD6AF-DA18-4FB8-917B-930E4B9DA33A}.Release|Any CPU.ActiveCfg = Release|Any CPU
		{5FBBD6AF-DA18-4FB8-917B-930E4B9DA33A}.Release|Any CPU.Build.0 = Release|Any CPU
		{977E178B-A06C-45BE-A03D-13A81EEB37A6}.Debug|Any CPU.ActiveCfg = Debug|Any CPU
		{977E178B-A06C-45BE-A03D-13A81EEB37A6}.Debug|Any CPU.Build.0 = Debug|Any CPU
		{977E178B-A06C-45BE-A03D-13A81EEB37A6}.Release|Any CPU.ActiveCfg = Release|Any CPU
		{977E178B-A06C-45BE-A03D-13A81EEB37A6}.Release|Any CPU.Build.0 = Release|Any CPU
		{F199D7AF-C2E0-4560-A3D7-EDAA183F03EC}.Debug|Any CPU.ActiveCfg = Debug|Any CPU
		{F199D7AF-C2E0-4560-A3D7-EDAA183F03EC}.Debug|Any CPU.Build.0 = Debug|Any CPU
		{F199D7AF-C2E0-4560-A3D7-EDAA183F03EC}.Release|Any CPU.ActiveCfg = Release|Any CPU
		{F199D7AF-C2E0-4560-A3D7-EDAA183F03EC}.Release|Any CPU.Build.0 = Release|Any CPU
	EndGlobalSection
	GlobalSection(SolutionProperties) = preSolution
		HideSolutionNode = FALSE
	EndGlobalSection
	GlobalSection(NestedProjects) = preSolution
		{804E6E80-BE47-4637-8918-3A0EDC292961} = {8031EBFD-474C-4114-954E-AD6192B0EB2D}
		{5FBBD6AF-DA18-4FB8-917B-930E4B9DA33A} = {8031EBFD-474C-4114-954E-AD6192B0EB2D}
		{977E178B-A06C-45BE-A03D-13A81EEB37A6} = {8031EBFD-474C-4114-954E-AD6192B0EB2D}
		{F199D7AF-C2E0-4560-A3D7-EDAA183F03EC} = {C8B5DBF0-78BE-49BE-873B-A0237702357B}
	EndGlobalSection
EndGlobal
