
Microsoft Visual Studio Solution File, Format Version 12.00
# Visual Studio 2012
Project("{FAE04EC0-301F-11D3-BF4B-00C04F79EFBC}") = "RoleBasedMVC", "RoleBasedMVC\RoleBasedMVC.csproj", "{D38B5923-FF92-4E90-897B-A34A79063919}"
EndProject
Project("{FAE04EC0-301F-11D3-BF4B-00C04F79EFBC}") = "RoleBasedAccess.Model", "..\UserBasedCustomControl\RoleBasedAccess.Model\RoleBasedAccess.Model.csproj", "{DE74636D-A187-41AC-A790-30020F9B0516}"
EndProject
Project("{FAE04EC0-301F-11D3-BF4B-00C04F79EFBC}") = "MVCRoleBasedSecurity", "MVCRoleBasedSecurity\MVCRoleBasedSecurity.csproj", "{D996A9EA-D4DB-4F9B-8C62-D928DEEE49F6}"
EndProject
Global
	GlobalSection(SolutionConfigurationPlatforms) = preSolution
		Debug|Any CPU = Debug|Any CPU
		Release|Any CPU = Release|Any CPU
	EndGlobalSection
	GlobalSection(ProjectConfigurationPlatforms) = postSolution
		{D38B5923-FF92-4E90-897B-A34A79063919}.Debug|Any CPU.ActiveCfg = Debug|Any CPU
		{D38B5923-FF92-4E90-897B-A34A79063919}.Debug|Any CPU.Build.0 = Debug|Any CPU
		{D38B5923-FF92-4E90-897B-A34A79063919}.Release|Any CPU.ActiveCfg = Release|Any CPU
		{D38B5923-FF92-4E90-897B-A34A79063919}.Release|Any CPU.Build.0 = Release|Any CPU
		{DE74636D-A187-41AC-A790-30020F9B0516}.Debug|Any CPU.ActiveCfg = Debug|Any CPU
		{DE74636D-A187-41AC-A790-30020F9B0516}.Debug|Any CPU.Build.0 = Debug|Any CPU
		{DE74636D-A187-41AC-A790-30020F9B0516}.Release|Any CPU.ActiveCfg = Release|Any CPU
		{DE74636D-A187-41AC-A790-30020F9B0516}.Release|Any CPU.Build.0 = Release|Any CPU
		{D996A9EA-D4DB-4F9B-8C62-D928DEEE49F6}.Debug|Any CPU.ActiveCfg = Debug|Any CPU
		{D996A9EA-D4DB-4F9B-8C62-D928DEEE49F6}.Debug|Any CPU.Build.0 = Debug|Any CPU
		{D996A9EA-D4DB-4F9B-8C62-D928DEEE49F6}.Release|Any CPU.ActiveCfg = Release|Any CPU
		{D996A9EA-D4DB-4F9B-8C62-D928DEEE49F6}.Release|Any CPU.Build.0 = Release|Any CPU
	EndGlobalSection
	GlobalSection(SolutionProperties) = preSolution
		HideSolutionNode = FALSE
	EndGlobalSection
EndGlobal
